
Microsoft Visual Studio Solution File, Format Version 12.00
# Visual Studio Version 17
VisualStudioVersion = 17.0.31903.59
MinimumVisualStudioVersion = 10.0.40219.1
Project("{9A19103F-16F7-4668-BE54-9A1E7A4F7556}") = "Qtl.AoC2023", "src\Qtl.AoC2023.csproj", "{60847A8F-7966-4562-AD33-F8D8BA1EAD51}"
EndProject
Project("{9A19103F-16F7-4668-BE54-9A1E7A4F7556}") = "Qtl.Samples.ConsoleApp", "samples\Console\Qtl.Samples.ConsoleApp.csproj", "{C5466335-3E65-42DF-8117-9AE35E63F3C5}"
EndProject
Project("{FAE04EC0-301F-11D3-BF4B-00C04F79EFBC}") = "Qtl.Benchmarks.ConsoleApp", "Qtl.Benchmarks.ConsoleApp\Qtl.Benchmarks.ConsoleApp.csproj", "{3DC8B636-EFB6-4E90-AD1B-EE01575CA35A}"
EndProject
Global
	GlobalSection(SolutionConfigurationPlatforms) = preSolution
		Debug|Any CPU = Debug|Any CPU
		Debug|x64 = Debug|x64
		Release|Any CPU = Release|Any CPU
		Release|x64 = Release|x64
	EndGlobalSection
	GlobalSection(ProjectConfigurationPlatforms) = postSolution
		{60847A8F-7966-4562-AD33-F8D8BA1EAD51}.Debug|Any CPU.ActiveCfg = Debug|Any CPU
		{60847A8F-7966-4562-AD33-F8D8BA1EAD51}.Debug|Any CPU.Build.0 = Debug|Any CPU
		{60847A8F-7966-4562-AD33-F8D8BA1EAD51}.Debug|x64.ActiveCfg = Debug|Any CPU
		{60847A8F-7966-4562-AD33-F8D8BA1EAD51}.Debug|x64.Build.0 = Debug|Any CPU
		{60847A8F-7966-4562-AD33-F8D8BA1EAD51}.Release|Any CPU.ActiveCfg = Release|Any CPU
		{60847A8F-7966-4562-AD33-F8D8BA1EAD51}.Release|Any CPU.Build.0 = Release|Any CPU
		{60847A8F-7966-4562-AD33-F8D8BA1EAD51}.Release|x64.ActiveCfg = Release|Any CPU
		{60847A8F-7966-4562-AD33-F8D8BA1EAD51}.Release|x64.Build.0 = Release|Any CPU
		{C5466335-3E65-42DF-8117-9AE35E63F3C5}.Debug|Any CPU.ActiveCfg = Debug|Any CPU
		{C5466335-3E65-42DF-8117-9AE35E63F3C5}.Debug|Any CPU.Build.0 = Debug|Any CPU
		{C5466335-3E65-42DF-8117-9AE35E63F3C5}.Debug|x64.ActiveCfg = Debug|Any CPU
		{C5466335-3E65-42DF-8117-9AE35E63F3C5}.Debug|x64.Build.0 = Debug|Any CPU
		{C5466335-3E65-42DF-8117-9AE35E63F3C5}.Release|Any CPU.ActiveCfg = Release|Any CPU
		{C5466335-3E65-42DF-8117-9AE35E63F3C5}.Release|Any CPU.Build.0 = Release|Any CPU
		{C5466335-3E65-42DF-8117-9AE35E63F3C5}.Release|x64.ActiveCfg = Release|Any CPU
		{C5466335-3E65-42DF-8117-9AE35E63F3C5}.Release|x64.Build.0 = Release|Any CPU
		{3DC8B636-EFB6-4E90-AD1B-EE01575CA35A}.Debug|Any CPU.ActiveCfg = Debug|Any CPU
		{3DC8B636-EFB6-4E90-AD1B-EE01575CA35A}.Debug|Any CPU.Build.0 = Debug|Any CPU
		{3DC8B636-EFB6-4E90-AD1B-EE01575CA35A}.Debug|x64.ActiveCfg = Debug|Any CPU
		{3DC8B636-EFB6-4E90-AD1B-EE01575CA35A}.Debug|x64.Build.0 = Debug|Any CPU
		{3DC8B636-EFB6-4E90-AD1B-EE01575CA35A}.Release|Any CPU.ActiveCfg = Release|Any CPU
		{3DC8B636-EFB6-4E90-AD1B-EE01575CA35A}.Release|Any CPU.Build.0 = Release|Any CPU
		{3DC8B636-EFB6-4E90-AD1B-EE01575CA35A}.Release|x64.ActiveCfg = Release|Any CPU
		{3DC8B636-EFB6-4E90-AD1B-EE01575CA35A}.Release|x64.Build.0 = Release|Any CPU
	EndGlobalSection
	GlobalSection(SolutionProperties) = preSolution
		HideSolutionNode = FALSE
	EndGlobalSection
	GlobalSection(ExtensibilityGlobals) = postSolution
		SolutionGuid = {6C481887-059C-4CE6-B382-B5BB022641F9}
	EndGlobalSection
EndGlobal
