
Microsoft Visual Studio Solution File, Format Version 12.00
# Visual Studio Version 17
VisualStudioVersion = 17.0.31903.59
MinimumVisualStudioVersion = 10.0.40219.1
Project("{FAE04EC0-301F-11D3-BF4B-00C04F79EFBC}") = "Qtl.AoC2023", "src\Qtl.AoC2023.csproj", "{60847A8F-7966-4562-AD33-F8D8BA1EAD51}"
EndProject
Project("{FAE04EC0-301F-11D3-BF4B-00C04F79EFBC}") = "Qtl.Samples.ConsoleApp", "samples\Console\Qtl.Samples.ConsoleApp.csproj", "{C5466335-3E65-42DF-8117-9AE35E63F3C5}"
EndProject
Global
	GlobalSection(SolutionConfigurationPlatforms) = preSolution
		Debug|Any CPU = Debug|Any CPU
		Release|Any CPU = Release|Any CPU
	EndGlobalSection
	GlobalSection(SolutionProperties) = preSolution
		HideSolutionNode = FALSE
	EndGlobalSection
	GlobalSection(ProjectConfigurationPlatforms) = postSolution
		{60847A8F-7966-4562-AD33-F8D8BA1EAD51}.Debug|Any CPU.ActiveCfg = Debug|Any CPU
		{60847A8F-7966-4562-AD33-F8D8BA1EAD51}.Debug|Any CPU.Build.0 = Debug|Any CPU
		{60847A8F-7966-4562-AD33-F8D8BA1EAD51}.Release|Any CPU.ActiveCfg = Release|Any CPU
		{60847A8F-7966-4562-AD33-F8D8BA1EAD51}.Release|Any CPU.Build.0 = Release|Any CPU
		{C5466335-3E65-42DF-8117-9AE35E63F3C5}.Debug|Any CPU.ActiveCfg = Debug|Any CPU
		{C5466335-3E65-42DF-8117-9AE35E63F3C5}.Debug|Any CPU.Build.0 = Debug|Any CPU
		{C5466335-3E65-42DF-8117-9AE35E63F3C5}.Release|Any CPU.ActiveCfg = Release|Any CPU
		{C5466335-3E65-42DF-8117-9AE35E63F3C5}.Release|Any CPU.Build.0 = Release|Any CPU
	EndGlobalSection
	GlobalSection(NestedProjects) = preSolution
		{C5466335-3E65-42DF-8117-9AE35E63F3C5} = {F7EBEBAA-FE7F-4CFC-A518-4FD504660255}
	EndGlobalSection
EndGlobal
